// !$*UTF8*$!
{
	archiveVersion = 1;
	classes = {
	};
	objectVersion = 48;
	objects = {

/* Begin PBXBuildFile section */
		495B0C4520654C6D0098213F /* RxAlamofire.framework in Frameworks */ = {isa = PBXBuildFile; fileRef = 495B0C4420654C6D0098213F /* RxAlamofire.framework */; };
		495B0C4A20654C900098213F /* RxAlamofire.framework in CopyFiles */ = {isa = PBXBuildFile; fileRef = 495B0C4420654C6D0098213F /* RxAlamofire.framework */; settings = {ATTRIBUTES = (CodeSignOnCopy, RemoveHeadersOnCopy, ); }; };
		495B0C4E20654D050098213F /* Alamofire.framework in Frameworks */ = {isa = PBXBuildFile; fileRef = 495B0C4D20654D050098213F /* Alamofire.framework */; };
		495B0C4F20654D180098213F /* Alamofire.framework in CopyFiles */ = {isa = PBXBuildFile; fileRef = 495B0C4D20654D050098213F /* Alamofire.framework */; settings = {ATTRIBUTES = (CodeSignOnCopy, RemoveHeadersOnCopy, ); }; };
		495B0C5220654D5F0098213F /* Quick.framework in Frameworks */ = {isa = PBXBuildFile; fileRef = 495B0C4820654C800098213F /* Quick.framework */; };
		495B0C5320654D610098213F /* Nimble.framework in Frameworks */ = {isa = PBXBuildFile; fileRef = 495B0C4620654C7A0098213F /* Nimble.framework */; };
		495B0C5520654D740098213F /* Quick.framework in CopyFiles */ = {isa = PBXBuildFile; fileRef = 495B0C4820654C800098213F /* Quick.framework */; settings = {ATTRIBUTES = (CodeSignOnCopy, RemoveHeadersOnCopy, ); }; };
		495B0C5620654D770098213F /* Nimble.framework in CopyFiles */ = {isa = PBXBuildFile; fileRef = 495B0C4620654C7A0098213F /* Nimble.framework */; settings = {ATTRIBUTES = (CodeSignOnCopy, RemoveHeadersOnCopy, ); }; };
		49AF5E862065466D00B503CC /* FactModel.swift in Sources */ = {isa = PBXBuildFile; fileRef = 49AF5E852065466D00B503CC /* FactModel.swift */; };
		4D61716820599F33008C8622 /* AppDelegate.swift in Sources */ = {isa = PBXBuildFile; fileRef = 4D61716720599F33008C8622 /* AppDelegate.swift */; };
		4D61716A20599F33008C8622 /* ViewController.swift in Sources */ = {isa = PBXBuildFile; fileRef = 4D61716920599F33008C8622 /* ViewController.swift */; };
		4D61716D20599F33008C8622 /* Main.storyboard in Resources */ = {isa = PBXBuildFile; fileRef = 4D61716B20599F33008C8622 /* Main.storyboard */; };
		4D61716F20599F33008C8622 /* Assets.xcassets in Resources */ = {isa = PBXBuildFile; fileRef = 4D61716E20599F33008C8622 /* Assets.xcassets */; };
		4D61717220599F33008C8622 /* LaunchScreen.storyboard in Resources */ = {isa = PBXBuildFile; fileRef = 4D61717020599F33008C8622 /* LaunchScreen.storyboard */; };
		4D61717D20599F33008C8622 /* ChuckNorrisFactsTests.swift in Sources */ = {isa = PBXBuildFile; fileRef = 4D61717C20599F33008C8622 /* ChuckNorrisFactsTests.swift */; };
		4D61718820599F33008C8622 /* ChuckNorrisFactsUITests.swift in Sources */ = {isa = PBXBuildFile; fileRef = 4D61718720599F33008C8622 /* ChuckNorrisFactsUITests.swift */; };
		4D617199205AC366008C8622 /* Fact.swift in Sources */ = {isa = PBXBuildFile; fileRef = 4D617198205AC366008C8622 /* Fact.swift */; };
		4D61719C205AC4CA008C8622 /* JSON.swift in Sources */ = {isa = PBXBuildFile; fileRef = 4D61719B205AC4CA008C8622 /* JSON.swift */; };
		4D61719E205AC5FC008C8622 /* Category.swift in Sources */ = {isa = PBXBuildFile; fileRef = 4D61719D205AC5FC008C8622 /* Category.swift */; };
		4D6171A1205AC77C008C8622 /* FactWebServiceProtocol.swift in Sources */ = {isa = PBXBuildFile; fileRef = 4D6171A0205AC77C008C8622 /* FactWebServiceProtocol.swift */; };
		4D6171A4205ACAF2008C8622 /* RxBlocking.framework in Frameworks */ = {isa = PBXBuildFile; fileRef = 4D6171A3205ACAF2008C8622 /* RxBlocking.framework */; };
		4D6171A6205ACAF4008C8622 /* RxCocoa.framework in Frameworks */ = {isa = PBXBuildFile; fileRef = 4D6171A5205ACAF4008C8622 /* RxCocoa.framework */; };
		4D6171A8205ACAFC008C8622 /* RxSwift.framework in Frameworks */ = {isa = PBXBuildFile; fileRef = 4D6171A7205ACAFC008C8622 /* RxSwift.framework */; };
		4D6171AA205ACB31008C8622 /* RxSwift.framework in CopyFiles */ = {isa = PBXBuildFile; fileRef = 4D6171A7205ACAFC008C8622 /* RxSwift.framework */; settings = {ATTRIBUTES = (CodeSignOnCopy, RemoveHeadersOnCopy, ); }; };
		4D6171AB205ACB37008C8622 /* RxCocoa.framework in CopyFiles */ = {isa = PBXBuildFile; fileRef = 4D6171A5205ACAF4008C8622 /* RxCocoa.framework */; settings = {ATTRIBUTES = (CodeSignOnCopy, RemoveHeadersOnCopy, ); }; };
		4D6171AC205ACB3D008C8622 /* RxBlocking.framework in CopyFiles */ = {isa = PBXBuildFile; fileRef = 4D6171A3205ACAF2008C8622 /* RxBlocking.framework */; settings = {ATTRIBUTES = (CodeSignOnCopy, RemoveHeadersOnCopy, ); }; };
/* End PBXBuildFile section */

/* Begin PBXContainerItemProxy section */
		4D61717920599F33008C8622 /* PBXContainerItemProxy */ = {
			isa = PBXContainerItemProxy;
			containerPortal = 4D61715C20599F33008C8622 /* Project object */;
			proxyType = 1;
			remoteGlobalIDString = 4D61716320599F33008C8622;
			remoteInfo = ChuckNorrisFacts;
		};
		4D61718420599F33008C8622 /* PBXContainerItemProxy */ = {
			isa = PBXContainerItemProxy;
			containerPortal = 4D61715C20599F33008C8622 /* Project object */;
			proxyType = 1;
			remoteGlobalIDString = 4D61716320599F33008C8622;
			remoteInfo = ChuckNorrisFacts;
		};
/* End PBXContainerItemProxy section */

/* Begin PBXCopyFilesBuildPhase section */
		495B0C5420654D6B0098213F /* CopyFiles */ = {
			isa = PBXCopyFilesBuildPhase;
			buildActionMask = 2147483647;
			dstPath = "";
			dstSubfolderSpec = 10;
			files = (
				495B0C5620654D770098213F /* Nimble.framework in CopyFiles */,
				495B0C5520654D740098213F /* Quick.framework in CopyFiles */,
			);
			runOnlyForDeploymentPostprocessing = 0;
		};
		4D6171A9205ACB1B008C8622 /* CopyFiles */ = {
			isa = PBXCopyFilesBuildPhase;
			buildActionMask = 2147483647;
			dstPath = "";
			dstSubfolderSpec = 10;
			files = (
				495B0C4F20654D180098213F /* Alamofire.framework in CopyFiles */,
				495B0C4A20654C900098213F /* RxAlamofire.framework in CopyFiles */,
				4D6171AC205ACB3D008C8622 /* RxBlocking.framework in CopyFiles */,
				4D6171AB205ACB37008C8622 /* RxCocoa.framework in CopyFiles */,
				4D6171AA205ACB31008C8622 /* RxSwift.framework in CopyFiles */,
			);
			runOnlyForDeploymentPostprocessing = 0;
		};
/* End PBXCopyFilesBuildPhase section */

/* Begin PBXFileReference section */
		495B0C4420654C6D0098213F /* RxAlamofire.framework */ = {isa = PBXFileReference; lastKnownFileType = wrapper.framework; name = RxAlamofire.framework; path = Carthage/Build/iOS/RxAlamofire.framework; sourceTree = "<group>"; };
		495B0C4620654C7A0098213F /* Nimble.framework */ = {isa = PBXFileReference; lastKnownFileType = wrapper.framework; name = Nimble.framework; path = Carthage/Build/iOS/Nimble.framework; sourceTree = "<group>"; };
		495B0C4820654C800098213F /* Quick.framework */ = {isa = PBXFileReference; lastKnownFileType = wrapper.framework; name = Quick.framework; path = Carthage/Build/iOS/Quick.framework; sourceTree = "<group>"; };
		495B0C4D20654D050098213F /* Alamofire.framework */ = {isa = PBXFileReference; lastKnownFileType = wrapper.framework; name = Alamofire.framework; path = Carthage/Build/iOS/Alamofire.framework; sourceTree = "<group>"; };
		49AF5E852065466D00B503CC /* FactModel.swift */ = {isa = PBXFileReference; lastKnownFileType = sourcecode.swift; path = FactModel.swift; sourceTree = "<group>"; };
		4D61716420599F33008C8622 /* ChuckNorrisFacts.app */ = {isa = PBXFileReference; explicitFileType = wrapper.application; includeInIndex = 0; path = ChuckNorrisFacts.app; sourceTree = BUILT_PRODUCTS_DIR; };
		4D61716720599F33008C8622 /* AppDelegate.swift */ = {isa = PBXFileReference; lastKnownFileType = sourcecode.swift; path = AppDelegate.swift; sourceTree = "<group>"; };
		4D61716920599F33008C8622 /* ViewController.swift */ = {isa = PBXFileReference; lastKnownFileType = sourcecode.swift; path = ViewController.swift; sourceTree = "<group>"; };
		4D61716C20599F33008C8622 /* Base */ = {isa = PBXFileReference; lastKnownFileType = file.storyboard; name = Base; path = Base.lproj/Main.storyboard; sourceTree = "<group>"; };
		4D61716E20599F33008C8622 /* Assets.xcassets */ = {isa = PBXFileReference; lastKnownFileType = folder.assetcatalog; path = Assets.xcassets; sourceTree = "<group>"; };
		4D61717120599F33008C8622 /* Base */ = {isa = PBXFileReference; lastKnownFileType = file.storyboard; name = Base; path = Base.lproj/LaunchScreen.storyboard; sourceTree = "<group>"; };
		4D61717320599F33008C8622 /* Info.plist */ = {isa = PBXFileReference; lastKnownFileType = text.plist.xml; path = Info.plist; sourceTree = "<group>"; };
		4D61717820599F33008C8622 /* ChuckNorrisFactsTests.xctest */ = {isa = PBXFileReference; explicitFileType = wrapper.cfbundle; includeInIndex = 0; path = ChuckNorrisFactsTests.xctest; sourceTree = BUILT_PRODUCTS_DIR; };
		4D61717C20599F33008C8622 /* ChuckNorrisFactsTests.swift */ = {isa = PBXFileReference; lastKnownFileType = sourcecode.swift; path = ChuckNorrisFactsTests.swift; sourceTree = "<group>"; };
		4D61717E20599F33008C8622 /* Info.plist */ = {isa = PBXFileReference; lastKnownFileType = text.plist.xml; path = Info.plist; sourceTree = "<group>"; };
		4D61718320599F33008C8622 /* ChuckNorrisFactsUITests.xctest */ = {isa = PBXFileReference; explicitFileType = wrapper.cfbundle; includeInIndex = 0; path = ChuckNorrisFactsUITests.xctest; sourceTree = BUILT_PRODUCTS_DIR; };
		4D61718720599F33008C8622 /* ChuckNorrisFactsUITests.swift */ = {isa = PBXFileReference; lastKnownFileType = sourcecode.swift; path = ChuckNorrisFactsUITests.swift; sourceTree = "<group>"; };
		4D61718920599F33008C8622 /* Info.plist */ = {isa = PBXFileReference; lastKnownFileType = text.plist.xml; path = Info.plist; sourceTree = "<group>"; };
		4D617198205AC366008C8622 /* Fact.swift */ = {isa = PBXFileReference; lastKnownFileType = sourcecode.swift; path = Fact.swift; sourceTree = "<group>"; };
		4D61719B205AC4CA008C8622 /* JSON.swift */ = {isa = PBXFileReference; lastKnownFileType = sourcecode.swift; path = JSON.swift; sourceTree = "<group>"; };
		4D61719D205AC5FC008C8622 /* Category.swift */ = {isa = PBXFileReference; lastKnownFileType = sourcecode.swift; path = Category.swift; sourceTree = "<group>"; };
		4D6171A0205AC77C008C8622 /* FactWebServiceProtocol.swift */ = {isa = PBXFileReference; lastKnownFileType = sourcecode.swift; path = FactWebServiceProtocol.swift; sourceTree = "<group>"; };
		4D6171A3205ACAF2008C8622 /* RxBlocking.framework */ = {isa = PBXFileReference; lastKnownFileType = wrapper.framework; name = RxBlocking.framework; path = Carthage/Build/iOS/RxBlocking.framework; sourceTree = "<group>"; };
		4D6171A5205ACAF4008C8622 /* RxCocoa.framework */ = {isa = PBXFileReference; lastKnownFileType = wrapper.framework; name = RxCocoa.framework; path = Carthage/Build/iOS/RxCocoa.framework; sourceTree = "<group>"; };
		4D6171A7205ACAFC008C8622 /* RxSwift.framework */ = {isa = PBXFileReference; lastKnownFileType = wrapper.framework; name = RxSwift.framework; path = Carthage/Build/iOS/RxSwift.framework; sourceTree = "<group>"; };
/* End PBXFileReference section */

/* Begin PBXFrameworksBuildPhase section */
		4D61716120599F33008C8622 /* Frameworks */ = {
			isa = PBXFrameworksBuildPhase;
			buildActionMask = 2147483647;
			files = (
				4D6171A4205ACAF2008C8622 /* RxBlocking.framework in Frameworks */,
				4D6171A6205ACAF4008C8622 /* RxCocoa.framework in Frameworks */,
				4D6171A8205ACAFC008C8622 /* RxSwift.framework in Frameworks */,
				495B0C4E20654D050098213F /* Alamofire.framework in Frameworks */,
				495B0C4520654C6D0098213F /* RxAlamofire.framework in Frameworks */,
			);
			runOnlyForDeploymentPostprocessing = 0;
		};
		4D61717520599F33008C8622 /* Frameworks */ = {
			isa = PBXFrameworksBuildPhase;
			buildActionMask = 2147483647;
			files = (
				495B0C5220654D5F0098213F /* Quick.framework in Frameworks */,
				495B0C5320654D610098213F /* Nimble.framework in Frameworks */,
			);
			runOnlyForDeploymentPostprocessing = 0;
		};
		4D61718020599F33008C8622 /* Frameworks */ = {
			isa = PBXFrameworksBuildPhase;
			buildActionMask = 2147483647;
			files = (
			);
			runOnlyForDeploymentPostprocessing = 0;
		};
/* End PBXFrameworksBuildPhase section */

/* Begin PBXGroup section */
		4D61715B20599F33008C8622 = {
			isa = PBXGroup;
			children = (
				4D61716620599F33008C8622 /* ChuckNorrisFacts */,
				4D61717B20599F33008C8622 /* ChuckNorrisFactsTests */,
				4D61718620599F33008C8622 /* ChuckNorrisFactsUITests */,
				4D61716520599F33008C8622 /* Products */,
				4D6171A2205ACAF1008C8622 /* Frameworks */,
			);
			sourceTree = "<group>";
		};
		4D61716520599F33008C8622 /* Products */ = {
			isa = PBXGroup;
			children = (
				4D61716420599F33008C8622 /* ChuckNorrisFacts.app */,
				4D61717820599F33008C8622 /* ChuckNorrisFactsTests.xctest */,
				4D61718320599F33008C8622 /* ChuckNorrisFactsUITests.xctest */,
			);
			name = Products;
			sourceTree = "<group>";
		};
		4D61716620599F33008C8622 /* ChuckNorrisFacts */ = {
			isa = PBXGroup;
			children = (
				4D617197205AC34B008C8622 /* ChuckFact */,
				4D61716920599F33008C8622 /* ViewController.swift */,
				4D61716B20599F33008C8622 /* Main.storyboard */,
				4D61717020599F33008C8622 /* LaunchScreen.storyboard */,
				4D617196205AC0FC008C8622 /* Resources */,
				4D617195205AC0B7008C8622 /* Supporting Files */,
			);
			path = ChuckNorrisFacts;
			sourceTree = "<group>";
		};
		4D61717B20599F33008C8622 /* ChuckNorrisFactsTests */ = {
			isa = PBXGroup;
			children = (
				4D61717C20599F33008C8622 /* ChuckNorrisFactsTests.swift */,
				4D61717E20599F33008C8622 /* Info.plist */,
			);
			path = ChuckNorrisFactsTests;
			sourceTree = "<group>";
		};
		4D61718620599F33008C8622 /* ChuckNorrisFactsUITests */ = {
			isa = PBXGroup;
			children = (
				4D61718720599F33008C8622 /* ChuckNorrisFactsUITests.swift */,
				4D61718920599F33008C8622 /* Info.plist */,
			);
			path = ChuckNorrisFactsUITests;
			sourceTree = "<group>";
		};
		4D617195205AC0B7008C8622 /* Supporting Files */ = {
			isa = PBXGroup;
			children = (
				4D61716720599F33008C8622 /* AppDelegate.swift */,
				4D61717320599F33008C8622 /* Info.plist */,
			);
			path = "Supporting Files";
			sourceTree = "<group>";
		};
		4D617196205AC0FC008C8622 /* Resources */ = {
			isa = PBXGroup;
			children = (
				4D61716E20599F33008C8622 /* Assets.xcassets */,
			);
			path = Resources;
			sourceTree = "<group>";
		};
		4D617197205AC34B008C8622 /* ChuckFact */ = {
			isa = PBXGroup;
			children = (
				4D61719F205AC73E008C8622 /* Web Service */,
				4D61719A205AC376008C8622 /* Model */,
			);
			path = ChuckFact;
			sourceTree = "<group>";
		};
		4D61719A205AC376008C8622 /* Model */ = {
			isa = PBXGroup;
			children = (
				4D617198205AC366008C8622 /* Fact.swift */,
				49AF5E852065466D00B503CC /* FactModel.swift */,
				4D61719D205AC5FC008C8622 /* Category.swift */,
			);
			path = Model;
			sourceTree = "<group>";
		};
		4D61719F205AC73E008C8622 /* Web Service */ = {
			isa = PBXGroup;
			children = (
				4D61719B205AC4CA008C8622 /* JSON.swift */,
				4D6171A0205AC77C008C8622 /* FactWebServiceProtocol.swift */,
			);
			path = "Web Service";
			sourceTree = "<group>";
		};
		4D6171A2205ACAF1008C8622 /* Frameworks */ = {
			isa = PBXGroup;
			children = (
				495B0C4D20654D050098213F /* Alamofire.framework */,
				495B0C4820654C800098213F /* Quick.framework */,
				495B0C4620654C7A0098213F /* Nimble.framework */,
				495B0C4420654C6D0098213F /* RxAlamofire.framework */,
				4D6171A7205ACAFC008C8622 /* RxSwift.framework */,
				4D6171A5205ACAF4008C8622 /* RxCocoa.framework */,
				4D6171A3205ACAF2008C8622 /* RxBlocking.framework */,
			);
			name = Frameworks;
			sourceTree = "<group>";
		};
/* End PBXGroup section */

/* Begin PBXNativeTarget section */
		4D61716320599F33008C8622 /* ChuckNorrisFacts */ = {
			isa = PBXNativeTarget;
			buildConfigurationList = 4D61718C20599F33008C8622 /* Build configuration list for PBXNativeTarget "ChuckNorrisFacts" */;
			buildPhases = (
				4D61716020599F33008C8622 /* Sources */,
				4D61716120599F33008C8622 /* Frameworks */,
				4D61716220599F33008C8622 /* Resources */,
				4D6171A9205ACB1B008C8622 /* CopyFiles */,
				4D6171AD205ACB9B008C8622 /* Carthage Script */,
			);
			buildRules = (
			);
			dependencies = (
			);
			name = ChuckNorrisFacts;
			productName = ChuckNorrisFacts;
			productReference = 4D61716420599F33008C8622 /* ChuckNorrisFacts.app */;
			productType = "com.apple.product-type.application";
		};
		4D61717720599F33008C8622 /* ChuckNorrisFactsTests */ = {
			isa = PBXNativeTarget;
			buildConfigurationList = 4D61718F20599F33008C8622 /* Build configuration list for PBXNativeTarget "ChuckNorrisFactsTests" */;
			buildPhases = (
				4D61717420599F33008C8622 /* Sources */,
				4D61717520599F33008C8622 /* Frameworks */,
				4D61717620599F33008C8622 /* Resources */,
				495B0C5420654D6B0098213F /* CopyFiles */,
			);
			buildRules = (
			);
			dependencies = (
				4D61717A20599F33008C8622 /* PBXTargetDependency */,
			);
			name = ChuckNorrisFactsTests;
			productName = ChuckNorrisFactsTests;
			productReference = 4D61717820599F33008C8622 /* ChuckNorrisFactsTests.xctest */;
			productType = "com.apple.product-type.bundle.unit-test";
		};
		4D61718220599F33008C8622 /* ChuckNorrisFactsUITests */ = {
			isa = PBXNativeTarget;
			buildConfigurationList = 4D61719220599F33008C8622 /* Build configuration list for PBXNativeTarget "ChuckNorrisFactsUITests" */;
			buildPhases = (
				4D61717F20599F33008C8622 /* Sources */,
				4D61718020599F33008C8622 /* Frameworks */,
				4D61718120599F33008C8622 /* Resources */,
			);
			buildRules = (
			);
			dependencies = (
				4D61718520599F33008C8622 /* PBXTargetDependency */,
			);
			name = ChuckNorrisFactsUITests;
			productName = ChuckNorrisFactsUITests;
			productReference = 4D61718320599F33008C8622 /* ChuckNorrisFactsUITests.xctest */;
			productType = "com.apple.product-type.bundle.ui-testing";
		};
/* End PBXNativeTarget section */

/* Begin PBXProject section */
		4D61715C20599F33008C8622 /* Project object */ = {
			isa = PBXProject;
			attributes = {
				LastSwiftUpdateCheck = 0920;
				LastUpgradeCheck = 0920;
				ORGANIZATIONNAME = "Mariana Meireles | Stone";
				TargetAttributes = {
					4D61716320599F33008C8622 = {
						CreatedOnToolsVersion = 9.2;
						ProvisioningStyle = Automatic;
					};
					4D61717720599F33008C8622 = {
						CreatedOnToolsVersion = 9.2;
						ProvisioningStyle = Automatic;
						TestTargetID = 4D61716320599F33008C8622;
					};
					4D61718220599F33008C8622 = {
						CreatedOnToolsVersion = 9.2;
						ProvisioningStyle = Automatic;
						TestTargetID = 4D61716320599F33008C8622;
					};
				};
			};
			buildConfigurationList = 4D61715F20599F33008C8622 /* Build configuration list for PBXProject "ChuckNorrisFacts" */;
			compatibilityVersion = "Xcode 8.0";
			developmentRegion = en;
			hasScannedForEncodings = 0;
			knownRegions = (
				en,
				Base,
			);
			mainGroup = 4D61715B20599F33008C8622;
			productRefGroup = 4D61716520599F33008C8622 /* Products */;
			projectDirPath = "";
			projectRoot = "";
			targets = (
				4D61716320599F33008C8622 /* ChuckNorrisFacts */,
				4D61717720599F33008C8622 /* ChuckNorrisFactsTests */,
				4D61718220599F33008C8622 /* ChuckNorrisFactsUITests */,
			);
		};
/* End PBXProject section */

/* Begin PBXResourcesBuildPhase section */
		4D61716220599F33008C8622 /* Resources */ = {
			isa = PBXResourcesBuildPhase;
			buildActionMask = 2147483647;
			files = (
				4D61717220599F33008C8622 /* LaunchScreen.storyboard in Resources */,
				4D61716F20599F33008C8622 /* Assets.xcassets in Resources */,
				4D61716D20599F33008C8622 /* Main.storyboard in Resources */,
			);
			runOnlyForDeploymentPostprocessing = 0;
		};
		4D61717620599F33008C8622 /* Resources */ = {
			isa = PBXResourcesBuildPhase;
			buildActionMask = 2147483647;
			files = (
			);
			runOnlyForDeploymentPostprocessing = 0;
		};
		4D61718120599F33008C8622 /* Resources */ = {
			isa = PBXResourcesBuildPhase;
			buildActionMask = 2147483647;
			files = (
			);
			runOnlyForDeploymentPostprocessing = 0;
		};
/* End PBXResourcesBuildPhase section */

/* Begin PBXShellScriptBuildPhase section */
		4D6171AD205ACB9B008C8622 /* Carthage Script */ = {
			isa = PBXShellScriptBuildPhase;
			buildActionMask = 2147483647;
			files = (
			);
			inputPaths = (
				"$(SRCROOT)/Carthage/Build/iOS/RxBlocking.framework",
				"$(SRCROOT)/Carthage/Build/iOS/RxCocoa.framework",
				"$(SRCROOT)/Carthage/Build/iOS/RxSwift.framework",
				"$(SRCROOT)/Carthage/Build/iOS/RxAlamofire.framework",
				"$(SRCROOT)/Carthage/Build/iOS/Alamofire.framework",
			);
			name = "Carthage Script";
			outputPaths = (
			);
			runOnlyForDeploymentPostprocessing = 0;
			shellPath = /bin/sh;
			shellScript = "/usr/local/bin/carthage copy-frameworks";
		};
/* End PBXShellScriptBuildPhase section */

/* Begin PBXSourcesBuildPhase section */
		4D61716020599F33008C8622 /* Sources */ = {
			isa = PBXSourcesBuildPhase;
			buildActionMask = 2147483647;
			files = (
				4D61716A20599F33008C8622 /* ViewController.swift in Sources */,
				4D61719E205AC5FC008C8622 /* Category.swift in Sources */,
				49AF5E862065466D00B503CC /* FactModel.swift in Sources */,
				4D617199205AC366008C8622 /* Fact.swift in Sources */,
				4D61716820599F33008C8622 /* AppDelegate.swift in Sources */,
				4D6171A1205AC77C008C8622 /* FactWebServiceProtocol.swift in Sources */,
				4D61719C205AC4CA008C8622 /* JSON.swift in Sources */,
			);
			runOnlyForDeploymentPostprocessing = 0;
		};
		4D61717420599F33008C8622 /* Sources */ = {
			isa = PBXSourcesBuildPhase;
			buildActionMask = 2147483647;
			files = (
				4D61717D20599F33008C8622 /* ChuckNorrisFactsTests.swift in Sources */,
			);
			runOnlyForDeploymentPostprocessing = 0;
		};
		4D61717F20599F33008C8622 /* Sources */ = {
			isa = PBXSourcesBuildPhase;
			buildActionMask = 2147483647;
			files = (
				4D61718820599F33008C8622 /* ChuckNorrisFactsUITests.swift in Sources */,
			);
			runOnlyForDeploymentPostprocessing = 0;
		};
/* End PBXSourcesBuildPhase section */

/* Begin PBXTargetDependency section */
		4D61717A20599F33008C8622 /* PBXTargetDependency */ = {
			isa = PBXTargetDependency;
			target = 4D61716320599F33008C8622 /* ChuckNorrisFacts */;
			targetProxy = 4D61717920599F33008C8622 /* PBXContainerItemProxy */;
		};
		4D61718520599F33008C8622 /* PBXTargetDependency */ = {
			isa = PBXTargetDependency;
			target = 4D61716320599F33008C8622 /* ChuckNorrisFacts */;
			targetProxy = 4D61718420599F33008C8622 /* PBXContainerItemProxy */;
		};
/* End PBXTargetDependency section */

/* Begin PBXVariantGroup section */
		4D61716B20599F33008C8622 /* Main.storyboard */ = {
			isa = PBXVariantGroup;
			children = (
				4D61716C20599F33008C8622 /* Base */,
			);
			name = Main.storyboard;
			sourceTree = "<group>";
		};
		4D61717020599F33008C8622 /* LaunchScreen.storyboard */ = {
			isa = PBXVariantGroup;
			children = (
				4D61717120599F33008C8622 /* Base */,
			);
			name = LaunchScreen.storyboard;
			sourceTree = "<group>";
		};
/* End PBXVariantGroup section */

/* Begin XCBuildConfiguration section */
		4D61718A20599F33008C8622 /* Debug */ = {
			isa = XCBuildConfiguration;
			buildSettings = {
				ALWAYS_SEARCH_USER_PATHS = NO;
				CLANG_ANALYZER_NONNULL = YES;
				CLANG_ANALYZER_NUMBER_OBJECT_CONVERSION = YES_AGGRESSIVE;
				CLANG_CXX_LANGUAGE_STANDARD = "gnu++14";
				CLANG_CXX_LIBRARY = "libc++";
				CLANG_ENABLE_MODULES = YES;
				CLANG_ENABLE_OBJC_ARC = YES;
				CLANG_WARN_BLOCK_CAPTURE_AUTORELEASING = YES;
				CLANG_WARN_BOOL_CONVERSION = YES;
				CLANG_WARN_COMMA = YES;
				CLANG_WARN_CONSTANT_CONVERSION = YES;
				CLANG_WARN_DIRECT_OBJC_ISA_USAGE = YES_ERROR;
				CLANG_WARN_DOCUMENTATION_COMMENTS = YES;
				CLANG_WARN_EMPTY_BODY = YES;
				CLANG_WARN_ENUM_CONVERSION = YES;
				CLANG_WARN_INFINITE_RECURSION = YES;
				CLANG_WARN_INT_CONVERSION = YES;
				CLANG_WARN_NON_LITERAL_NULL_CONVERSION = YES;
				CLANG_WARN_OBJC_LITERAL_CONVERSION = YES;
				CLANG_WARN_OBJC_ROOT_CLASS = YES_ERROR;
				CLANG_WARN_RANGE_LOOP_ANALYSIS = YES;
				CLANG_WARN_STRICT_PROTOTYPES = YES;
				CLANG_WARN_SUSPICIOUS_MOVE = YES;
				CLANG_WARN_UNGUARDED_AVAILABILITY = YES_AGGRESSIVE;
				CLANG_WARN_UNREACHABLE_CODE = YES;
				CLANG_WARN__DUPLICATE_METHOD_MATCH = YES;
				CODE_SIGN_IDENTITY = "iPhone Developer";
				COPY_PHASE_STRIP = NO;
				DEBUG_INFORMATION_FORMAT = dwarf;
				ENABLE_STRICT_OBJC_MSGSEND = YES;
				ENABLE_TESTABILITY = YES;
				GCC_C_LANGUAGE_STANDARD = gnu11;
				GCC_DYNAMIC_NO_PIC = NO;
				GCC_NO_COMMON_BLOCKS = YES;
				GCC_OPTIMIZATION_LEVEL = 0;
				GCC_PREPROCESSOR_DEFINITIONS = (
					"DEBUG=1",
					"$(inherited)",
				);
				GCC_WARN_64_TO_32_BIT_CONVERSION = YES;
				GCC_WARN_ABOUT_RETURN_TYPE = YES_ERROR;
				GCC_WARN_UNDECLARED_SELECTOR = YES;
				GCC_WARN_UNINITIALIZED_AUTOS = YES_AGGRESSIVE;
				GCC_WARN_UNUSED_FUNCTION = YES;
				GCC_WARN_UNUSED_VARIABLE = YES;
				IPHONEOS_DEPLOYMENT_TARGET = 11.2;
				MTL_ENABLE_DEBUG_INFO = YES;
				ONLY_ACTIVE_ARCH = YES;
				SDKROOT = iphoneos;
				SWIFT_ACTIVE_COMPILATION_CONDITIONS = DEBUG;
				SWIFT_OPTIMIZATION_LEVEL = "-Onone";
			};
			name = Debug;
		};
		4D61718B20599F33008C8622 /* Release */ = {
			isa = XCBuildConfiguration;
			buildSettings = {
				ALWAYS_SEARCH_USER_PATHS = NO;
				CLANG_ANALYZER_NONNULL = YES;
				CLANG_ANALYZER_NUMBER_OBJECT_CONVERSION = YES_AGGRESSIVE;
				CLANG_CXX_LANGUAGE_STANDARD = "gnu++14";
				CLANG_CXX_LIBRARY = "libc++";
				CLANG_ENABLE_MODULES = YES;
				CLANG_ENABLE_OBJC_ARC = YES;
				CLANG_WARN_BLOCK_CAPTURE_AUTORELEASING = YES;
				CLANG_WARN_BOOL_CONVERSION = YES;
				CLANG_WARN_COMMA = YES;
				CLANG_WARN_CONSTANT_CONVERSION = YES;
				CLANG_WARN_DIRECT_OBJC_ISA_USAGE = YES_ERROR;
				CLANG_WARN_DOCUMENTATION_COMMENTS = YES;
				CLANG_WARN_EMPTY_BODY = YES;
				CLANG_WARN_ENUM_CONVERSION = YES;
				CLANG_WARN_INFINITE_RECURSION = YES;
				CLANG_WARN_INT_CONVERSION = YES;
				CLANG_WARN_NON_LITERAL_NULL_CONVERSION = YES;
				CLANG_WARN_OBJC_LITERAL_CONVERSION = YES;
				CLANG_WARN_OBJC_ROOT_CLASS = YES_ERROR;
				CLANG_WARN_RANGE_LOOP_ANALYSIS = YES;
				CLANG_WARN_STRICT_PROTOTYPES = YES;
				CLANG_WARN_SUSPICIOUS_MOVE = YES;
				CLANG_WARN_UNGUARDED_AVAILABILITY = YES_AGGRESSIVE;
				CLANG_WARN_UNREACHABLE_CODE = YES;
				CLANG_WARN__DUPLICATE_METHOD_MATCH = YES;
				CODE_SIGN_IDENTITY = "iPhone Developer";
				COPY_PHASE_STRIP = NO;
				DEBUG_INFORMATION_FORMAT = "dwarf-with-dsym";
				ENABLE_NS_ASSERTIONS = NO;
				ENABLE_STRICT_OBJC_MSGSEND = YES;
				GCC_C_LANGUAGE_STANDARD = gnu11;
				GCC_NO_COMMON_BLOCKS = YES;
				GCC_WARN_64_TO_32_BIT_CONVERSION = YES;
				GCC_WARN_ABOUT_RETURN_TYPE = YES_ERROR;
				GCC_WARN_UNDECLARED_SELECTOR = YES;
				GCC_WARN_UNINITIALIZED_AUTOS = YES_AGGRESSIVE;
				GCC_WARN_UNUSED_FUNCTION = YES;
				GCC_WARN_UNUSED_VARIABLE = YES;
				IPHONEOS_DEPLOYMENT_TARGET = 11.2;
				MTL_ENABLE_DEBUG_INFO = NO;
				SDKROOT = iphoneos;
				SWIFT_OPTIMIZATION_LEVEL = "-Owholemodule";
				VALIDATE_PRODUCT = YES;
			};
			name = Release;
		};
		4D61718D20599F33008C8622 /* Debug */ = {
			isa = XCBuildConfiguration;
			buildSettings = {
				ASSETCATALOG_COMPILER_APPICON_NAME = AppIcon;
				CODE_SIGN_STYLE = Automatic;
				DEVELOPMENT_TEAM = GQU3QL4RG3;
				FRAMEWORK_SEARCH_PATHS = (
					"$(inherited)",
					"$(PROJECT_DIR)/Carthage/Build/iOS",
				);
				INFOPLIST_FILE = "$(SRCROOT)/ChuckNorrisFacts/Supporting Files/Info.plist";
				LD_RUNPATH_SEARCH_PATHS = "$(inherited) @executable_path/Frameworks";
				PRODUCT_BUNDLE_IDENTIFIER = Stone.ChuckNorrisFacts;
				PRODUCT_NAME = "$(TARGET_NAME)";
				SWIFT_VERSION = 4.0;
				TARGETED_DEVICE_FAMILY = "1,2";
			};
			name = Debug;
		};
		4D61718E20599F33008C8622 /* Release */ = {
			isa = XCBuildConfiguration;
			buildSettings = {
				ASSETCATALOG_COMPILER_APPICON_NAME = AppIcon;
				CODE_SIGN_STYLE = Automatic;
				DEVELOPMENT_TEAM = GQU3QL4RG3;
				FRAMEWORK_SEARCH_PATHS = (
					"$(inherited)",
					"$(PROJECT_DIR)/Carthage/Build/iOS",
				);
				INFOPLIST_FILE = "$(SRCROOT)/ChuckNorrisFacts/Supporting Files/Info.plist";
				LD_RUNPATH_SEARCH_PATHS = "$(inherited) @executable_path/Frameworks";
				PRODUCT_BUNDLE_IDENTIFIER = Stone.ChuckNorrisFacts;
				PRODUCT_NAME = "$(TARGET_NAME)";
				SWIFT_VERSION = 4.0;
				TARGETED_DEVICE_FAMILY = "1,2";
			};
			name = Release;
		};
		4D61719020599F33008C8622 /* Debug */ = {
			isa = XCBuildConfiguration;
			buildSettings = {
				ALWAYS_EMBED_SWIFT_STANDARD_LIBRARIES = YES;
				BUNDLE_LOADER = "$(TEST_HOST)";
				CODE_SIGN_STYLE = Automatic;
				DEVELOPMENT_TEAM = GQU3QL4RG3;
				FRAMEWORK_SEARCH_PATHS = (
					"$(inherited)",
					"$(PROJECT_DIR)/Carthage/Build/iOS",
				);
				INFOPLIST_FILE = ChuckNorrisFactsTests/Info.plist;
				LD_RUNPATH_SEARCH_PATHS = "$(inherited) @executable_path/Frameworks @loader_path/Frameworks";
				PRODUCT_BUNDLE_IDENTIFIER = Stone.ChuckNorrisFactsTests;
				PRODUCT_NAME = "$(TARGET_NAME)";
				SWIFT_VERSION = 4.0;
				TARGETED_DEVICE_FAMILY = "1,2";
				TEST_HOST = "$(BUILT_PRODUCTS_DIR)/ChuckNorrisFacts.app/ChuckNorrisFacts";
			};
			name = Debug;
		};
		4D61719120599F33008C8622 /* Release */ = {
			isa = XCBuildConfiguration;
			buildSettings = {
				ALWAYS_EMBED_SWIFT_STANDARD_LIBRARIES = YES;
				BUNDLE_LOADER = "$(TEST_HOST)";
				CODE_SIGN_STYLE = Automatic;
				DEVELOPMENT_TEAM = GQU3QL4RG3;
				FRAMEWORK_SEARCH_PATHS = (
					"$(inherited)",
					"$(PROJECT_DIR)/Carthage/Build/iOS",
				);
				INFOPLIST_FILE = ChuckNorrisFactsTests/Info.plist;
				LD_RUNPATH_SEARCH_PATHS = "$(inherited) @executable_path/Frameworks @loader_path/Frameworks";
				PRODUCT_BUNDLE_IDENTIFIER = Stone.ChuckNorrisFactsTests;
				PRODUCT_NAME = "$(TARGET_NAME)";
				SWIFT_VERSION = 4.0;
				TARGETED_DEVICE_FAMILY = "1,2";
				TEST_HOST = "$(BUILT_PRODUCTS_DIR)/ChuckNorrisFacts.app/ChuckNorrisFacts";
			};
			name = Release;
		};
		4D61719320599F33008C8622 /* Debug */ = {
			isa = XCBuildConfiguration;
			buildSettings = {
				ALWAYS_EMBED_SWIFT_STANDARD_LIBRARIES = YES;
				CODE_SIGN_STYLE = Automatic;
				DEVELOPMENT_TEAM = GQU3QL4RG3;
				INFOPLIST_FILE = ChuckNorrisFactsUITests/Info.plist;
				LD_RUNPATH_SEARCH_PATHS = "$(inherited) @executable_path/Frameworks @loader_path/Frameworks";
				PRODUCT_BUNDLE_IDENTIFIER = Stone.ChuckNorrisFactsUITests;
				PRODUCT_NAME = "$(TARGET_NAME)";
				SWIFT_VERSION = 4.0;
				TARGETED_DEVICE_FAMILY = "1,2";
				TEST_TARGET_NAME = ChuckNorrisFacts;
			};
			name = Debug;
		};
		4D61719420599F33008C8622 /* Release */ = {
			isa = XCBuildConfiguration;
			buildSettings = {
				ALWAYS_EMBED_SWIFT_STANDARD_LIBRARIES = YES;
				CODE_SIGN_STYLE = Automatic;
				DEVELOPMENT_TEAM = GQU3QL4RG3;
				INFOPLIST_FILE = ChuckNorrisFactsUITests/Info.plist;
				LD_RUNPATH_SEARCH_PATHS = "$(inherited) @executable_path/Frameworks @loader_path/Frameworks";
				PRODUCT_BUNDLE_IDENTIFIER = Stone.ChuckNorrisFactsUITests;
				PRODUCT_NAME = "$(TARGET_NAME)";
				SWIFT_VERSION = 4.0;
				TARGETED_DEVICE_FAMILY = "1,2";
				TEST_TARGET_NAME = ChuckNorrisFacts;
			};
			name = Release;
		};
/* End XCBuildConfiguration section */

/* Begin XCConfigurationList section */
		4D61715F20599F33008C8622 /* Build configuration list for PBXProject "ChuckNorrisFacts" */ = {
			isa = XCConfigurationList;
			buildConfigurations = (
				4D61718A20599F33008C8622 /* Debug */,
				4D61718B20599F33008C8622 /* Release */,
			);
			defaultConfigurationIsVisible = 0;
			defaultConfigurationName = Release;
		};
		4D61718C20599F33008C8622 /* Build configuration list for PBXNativeTarget "ChuckNorrisFacts" */ = {
			isa = XCConfigurationList;
			buildConfigurations = (
				4D61718D20599F33008C8622 /* Debug */,
				4D61718E20599F33008C8622 /* Release */,
			);
			defaultConfigurationIsVisible = 0;
			defaultConfigurationName = Release;
		};
		4D61718F20599F33008C8622 /* Build configuration list for PBXNativeTarget "ChuckNorrisFactsTests" */ = {
			isa = XCConfigurationList;
			buildConfigurations = (
				4D61719020599F33008C8622 /* Debug */,
				4D61719120599F33008C8622 /* Release */,
			);
			defaultConfigurationIsVisible = 0;
			defaultConfigurationName = Release;
		};
		4D61719220599F33008C8622 /* Build configuration list for PBXNativeTarget "ChuckNorrisFactsUITests" */ = {
			isa = XCConfigurationList;
			buildConfigurations = (
				4D61719320599F33008C8622 /* Debug */,
				4D61719420599F33008C8622 /* Release */,
			);
			defaultConfigurationIsVisible = 0;
			defaultConfigurationName = Release;
		};
/* End XCConfigurationList section */
	};
	rootObject = 4D61715C20599F33008C8622 /* Project object */;
}
